// !$*UTF8*$!
{
	archiveVersion = 1;
	classes = {
	};
	objectVersion = 48;
	objects = {

/* Begin PBXBuildFile section */
		09116D391F723A920089545C /* BusinessTableViewCell.swift in Sources */ = {isa = PBXBuildFile; fileRef = 09116D381F723A910089545C /* BusinessTableViewCell.swift */; };
		09116D3D1F723A9B0089545C /* YelpClient.swift in Sources */ = {isa = PBXBuildFile; fileRef = 09116D3C1F723A9B0089545C /* YelpClient.swift */; };
		09116D3F1F723AA10089545C /* Business.swift in Sources */ = {isa = PBXBuildFile; fileRef = 09116D3E1F723AA10089545C /* Business.swift */; };
		09116D431F723B280089545C /* BusinessesViewController.swift in Sources */ = {isa = PBXBuildFile; fileRef = 09116D421F723B280089545C /* BusinessesViewController.swift */; };
		091FC2F01F77A96B00BF3C3E /* SortCell.swift in Sources */ = {isa = PBXBuildFile; fileRef = 091FC2EF1F77A96B00BF3C3E /* SortCell.swift */; };
		091FC2F21F781E2500BF3C3E /* CategoryCell.swift in Sources */ = {isa = PBXBuildFile; fileRef = 091FC2F11F781E2500BF3C3E /* CategoryCell.swift */; };
		0921DCC91F72380A00B4CDCC /* AppDelegate.swift in Sources */ = {isa = PBXBuildFile; fileRef = 0921DCC81F72380A00B4CDCC /* AppDelegate.swift */; };
		0921DCCE1F72380A00B4CDCC /* Main.storyboard in Resources */ = {isa = PBXBuildFile; fileRef = 0921DCCC1F72380A00B4CDCC /* Main.storyboard */; };
		0921DCD01F72380A00B4CDCC /* Assets.xcassets in Resources */ = {isa = PBXBuildFile; fileRef = 0921DCCF1F72380A00B4CDCC /* Assets.xcassets */; };
		0921DCD31F72380A00B4CDCC /* LaunchScreen.storyboard in Resources */ = {isa = PBXBuildFile; fileRef = 0921DCD11F72380A00B4CDCC /* LaunchScreen.storyboard */; };
		0921DCDE1F72380A00B4CDCC /* YelpTests.swift in Sources */ = {isa = PBXBuildFile; fileRef = 0921DCDD1F72380A00B4CDCC /* YelpTests.swift */; };
		0921DCE91F72380A00B4CDCC /* YelpUITests.swift in Sources */ = {isa = PBXBuildFile; fileRef = 0921DCE81F72380A00B4CDCC /* YelpUITests.swift */; };
		09A7D17F1F77113E0067C084 /* FiltersViewController.swift in Sources */ = {isa = PBXBuildFile; fileRef = 09A7D17E1F77113E0067C084 /* FiltersViewController.swift */; };
		09A7D1811F7735780067C084 /* SearchSettings.swift in Sources */ = {isa = PBXBuildFile; fileRef = 09A7D1801F7735780067C084 /* SearchSettings.swift */; };
		09A7D1831F7783B80067C084 /* DealsCell.swift in Sources */ = {isa = PBXBuildFile; fileRef = 09A7D1821F7783B80067C084 /* DealsCell.swift */; };
		09A7D1851F779B340067C084 /* DistanceCell.swift in Sources */ = {isa = PBXBuildFile; fileRef = 09A7D1841F779B340067C084 /* DistanceCell.swift */; };
		2F1913D2AD819938AF439ED8 /* Pods_Yelp.framework in Frameworks */ = {isa = PBXBuildFile; fileRef = 4CCC9D10B91E3F51C4DCA747 /* Pods_Yelp.framework */; };
		94921AE68EA3FB6C6C7E38B2 /* Pods_YelpTests.framework in Frameworks */ = {isa = PBXBuildFile; fileRef = FBB731E8E2E8CDFFAE594EFF /* Pods_YelpTests.framework */; };
		FA54983A0012D7D3202F9AEB /* Pods_YelpUITests.framework in Frameworks */ = {isa = PBXBuildFile; fileRef = 7871D37F8A78FEA1BD4D6F23 /* Pods_YelpUITests.framework */; };
/* End PBXBuildFile section */

/* Begin PBXContainerItemProxy section */
		0921DCDA1F72380A00B4CDCC /* PBXContainerItemProxy */ = {
			isa = PBXContainerItemProxy;
			containerPortal = 0921DCBD1F72380900B4CDCC /* Project object */;
			proxyType = 1;
			remoteGlobalIDString = 0921DCC41F72380A00B4CDCC;
			remoteInfo = Yelp;
		};
		0921DCE51F72380A00B4CDCC /* PBXContainerItemProxy */ = {
			isa = PBXContainerItemProxy;
			containerPortal = 0921DCBD1F72380900B4CDCC /* Project object */;
			proxyType = 1;
			remoteGlobalIDString = 0921DCC41F72380A00B4CDCC;
			remoteInfo = Yelp;
		};
/* End PBXContainerItemProxy section */

/* Begin PBXFileReference section */
		09116D381F723A910089545C /* BusinessTableViewCell.swift */ = {isa = PBXFileReference; fileEncoding = 4; lastKnownFileType = sourcecode.swift; path = BusinessTableViewCell.swift; sourceTree = "<group>"; };
		09116D3C1F723A9B0089545C /* YelpClient.swift */ = {isa = PBXFileReference; fileEncoding = 4; lastKnownFileType = sourcecode.swift; path = YelpClient.swift; sourceTree = "<group>"; };
		09116D3E1F723AA10089545C /* Business.swift */ = {isa = PBXFileReference; fileEncoding = 4; lastKnownFileType = sourcecode.swift; path = Business.swift; sourceTree = "<group>"; };
		09116D421F723B280089545C /* BusinessesViewController.swift */ = {isa = PBXFileReference; lastKnownFileType = sourcecode.swift; path = BusinessesViewController.swift; sourceTree = "<group>"; };
		091FC2EF1F77A96B00BF3C3E /* SortCell.swift */ = {isa = PBXFileReference; lastKnownFileType = sourcecode.swift; path = SortCell.swift; sourceTree = "<group>"; };
		091FC2F11F781E2500BF3C3E /* CategoryCell.swift */ = {isa = PBXFileReference; lastKnownFileType = sourcecode.swift; path = CategoryCell.swift; sourceTree = "<group>"; };
		0921DCC51F72380A00B4CDCC /* Yelp.app */ = {isa = PBXFileReference; explicitFileType = wrapper.application; includeInIndex = 0; path = Yelp.app; sourceTree = BUILT_PRODUCTS_DIR; };
		0921DCC81F72380A00B4CDCC /* AppDelegate.swift */ = {isa = PBXFileReference; lastKnownFileType = sourcecode.swift; path = AppDelegate.swift; sourceTree = "<group>"; };
		0921DCCD1F72380A00B4CDCC /* Base */ = {isa = PBXFileReference; lastKnownFileType = file.storyboard; name = Base; path = Base.lproj/Main.storyboard; sourceTree = "<group>"; };
		0921DCCF1F72380A00B4CDCC /* Assets.xcassets */ = {isa = PBXFileReference; lastKnownFileType = folder.assetcatalog; path = Assets.xcassets; sourceTree = "<group>"; };
		0921DCD21F72380A00B4CDCC /* Base */ = {isa = PBXFileReference; lastKnownFileType = file.storyboard; name = Base; path = Base.lproj/LaunchScreen.storyboard; sourceTree = "<group>"; };
		0921DCD41F72380A00B4CDCC /* Info.plist */ = {isa = PBXFileReference; lastKnownFileType = text.plist.xml; path = Info.plist; sourceTree = "<group>"; };
		0921DCD91F72380A00B4CDCC /* YelpTests.xctest */ = {isa = PBXFileReference; explicitFileType = wrapper.cfbundle; includeInIndex = 0; path = YelpTests.xctest; sourceTree = BUILT_PRODUCTS_DIR; };
		0921DCDD1F72380A00B4CDCC /* YelpTests.swift */ = {isa = PBXFileReference; lastKnownFileType = sourcecode.swift; path = YelpTests.swift; sourceTree = "<group>"; };
		0921DCDF1F72380A00B4CDCC /* Info.plist */ = {isa = PBXFileReference; lastKnownFileType = text.plist.xml; path = Info.plist; sourceTree = "<group>"; };
		0921DCE41F72380A00B4CDCC /* YelpUITests.xctest */ = {isa = PBXFileReference; explicitFileType = wrapper.cfbundle; includeInIndex = 0; path = YelpUITests.xctest; sourceTree = BUILT_PRODUCTS_DIR; };
		0921DCE81F72380A00B4CDCC /* YelpUITests.swift */ = {isa = PBXFileReference; lastKnownFileType = sourcecode.swift; path = YelpUITests.swift; sourceTree = "<group>"; };
		0921DCEA1F72380A00B4CDCC /* Info.plist */ = {isa = PBXFileReference; lastKnownFileType = text.plist.xml; path = Info.plist; sourceTree = "<group>"; };
		09A7D17E1F77113E0067C084 /* FiltersViewController.swift */ = {isa = PBXFileReference; lastKnownFileType = sourcecode.swift; path = FiltersViewController.swift; sourceTree = "<group>"; };
		09A7D1801F7735780067C084 /* SearchSettings.swift */ = {isa = PBXFileReference; lastKnownFileType = sourcecode.swift; path = SearchSettings.swift; sourceTree = "<group>"; };
		09A7D1821F7783B80067C084 /* DealsCell.swift */ = {isa = PBXFileReference; lastKnownFileType = sourcecode.swift; path = DealsCell.swift; sourceTree = "<group>"; };
		09A7D1841F779B340067C084 /* DistanceCell.swift */ = {isa = PBXFileReference; lastKnownFileType = sourcecode.swift; path = DistanceCell.swift; sourceTree = "<group>"; };
		105EC9EABA0CB31AAEC6FC04 /* Pods-YelpTests.release.xcconfig */ = {isa = PBXFileReference; includeInIndex = 1; lastKnownFileType = text.xcconfig; name = "Pods-YelpTests.release.xcconfig"; path = "Pods/Target Support Files/Pods-YelpTests/Pods-YelpTests.release.xcconfig"; sourceTree = "<group>"; };
		1249E764AD5F257871E2C3F2 /* Pods-Yelp.debug.xcconfig */ = {isa = PBXFileReference; includeInIndex = 1; lastKnownFileType = text.xcconfig; name = "Pods-Yelp.debug.xcconfig"; path = "Pods/Target Support Files/Pods-Yelp/Pods-Yelp.debug.xcconfig"; sourceTree = "<group>"; };
		1474A931EBDE4D5D2C8E6E15 /* Pods-YelpUITests.debug.xcconfig */ = {isa = PBXFileReference; includeInIndex = 1; lastKnownFileType = text.xcconfig; name = "Pods-YelpUITests.debug.xcconfig"; path = "Pods/Target Support Files/Pods-YelpUITests/Pods-YelpUITests.debug.xcconfig"; sourceTree = "<group>"; };
		4CCC9D10B91E3F51C4DCA747 /* Pods_Yelp.framework */ = {isa = PBXFileReference; explicitFileType = wrapper.framework; includeInIndex = 0; path = Pods_Yelp.framework; sourceTree = BUILT_PRODUCTS_DIR; };
		7871D37F8A78FEA1BD4D6F23 /* Pods_YelpUITests.framework */ = {isa = PBXFileReference; explicitFileType = wrapper.framework; includeInIndex = 0; path = Pods_YelpUITests.framework; sourceTree = BUILT_PRODUCTS_DIR; };
		AE6AFF95207A1A8A75C95CC5 /* Pods-Yelp.release.xcconfig */ = {isa = PBXFileReference; includeInIndex = 1; lastKnownFileType = text.xcconfig; name = "Pods-Yelp.release.xcconfig"; path = "Pods/Target Support Files/Pods-Yelp/Pods-Yelp.release.xcconfig"; sourceTree = "<group>"; };
		C6C7DFB60CB2C4D51B314B7A /* Pods-YelpUITests.release.xcconfig */ = {isa = PBXFileReference; includeInIndex = 1; lastKnownFileType = text.xcconfig; name = "Pods-YelpUITests.release.xcconfig"; path = "Pods/Target Support Files/Pods-YelpUITests/Pods-YelpUITests.release.xcconfig"; sourceTree = "<group>"; };
		DEC514A6A54E0BDA1F0DB08E /* Pods-YelpTests.debug.xcconfig */ = {isa = PBXFileReference; includeInIndex = 1; lastKnownFileType = text.xcconfig; name = "Pods-YelpTests.debug.xcconfig"; path = "Pods/Target Support Files/Pods-YelpTests/Pods-YelpTests.debug.xcconfig"; sourceTree = "<group>"; };
		FBB731E8E2E8CDFFAE594EFF /* Pods_YelpTests.framework */ = {isa = PBXFileReference; explicitFileType = wrapper.framework; includeInIndex = 0; path = Pods_YelpTests.framework; sourceTree = BUILT_PRODUCTS_DIR; };
/* End PBXFileReference section */

/* Begin PBXFrameworksBuildPhase section */
		0921DCC21F72380A00B4CDCC /* Frameworks */ = {
			isa = PBXFrameworksBuildPhase;
			buildActionMask = 2147483647;
			files = (
				2F1913D2AD819938AF439ED8 /* Pods_Yelp.framework in Frameworks */,
			);
			runOnlyForDeploymentPostprocessing = 0;
		};
		0921DCD61F72380A00B4CDCC /* Frameworks */ = {
			isa = PBXFrameworksBuildPhase;
			buildActionMask = 2147483647;
			files = (
				94921AE68EA3FB6C6C7E38B2 /* Pods_YelpTests.framework in Frameworks */,
			);
			runOnlyForDeploymentPostprocessing = 0;
		};
		0921DCE11F72380A00B4CDCC /* Frameworks */ = {
			isa = PBXFrameworksBuildPhase;
			buildActionMask = 2147483647;
			files = (
				FA54983A0012D7D3202F9AEB /* Pods_YelpUITests.framework in Frameworks */,
			);
			runOnlyForDeploymentPostprocessing = 0;
		};
/* End PBXFrameworksBuildPhase section */

/* Begin PBXGroup section */
		0921DCBC1F72380900B4CDCC = {
			isa = PBXGroup;
			children = (
				0921DCC71F72380A00B4CDCC /* Yelp */,
				0921DCDC1F72380A00B4CDCC /* YelpTests */,
				0921DCE71F72380A00B4CDCC /* YelpUITests */,
				0921DCC61F72380A00B4CDCC /* Products */,
				E1F6FF45A71DD3DFC1148BB1 /* Pods */,
				3318BFBFE40B0A9EE81E8DBB /* Frameworks */,
			);
			sourceTree = "<group>";
		};
		0921DCC61F72380A00B4CDCC /* Products */ = {
			isa = PBXGroup;
			children = (
				0921DCC51F72380A00B4CDCC /* Yelp.app */,
				0921DCD91F72380A00B4CDCC /* YelpTests.xctest */,
				0921DCE41F72380A00B4CDCC /* YelpUITests.xctest */,
			);
			name = Products;
			sourceTree = "<group>";
		};
		0921DCC71F72380A00B4CDCC /* Yelp */ = {
			isa = PBXGroup;
			children = (
				0921DCF91F72386900B4CDCC /* Api */,
				0921DCF81F72386300B4CDCC /* Views */,
				0921DCF71F72385C00B4CDCC /* ViewControllers */,
				0921DCF61F72385200B4CDCC /* Models */,
				0921DCC81F72380A00B4CDCC /* AppDelegate.swift */,
				0921DCCC1F72380A00B4CDCC /* Main.storyboard */,
				0921DCCF1F72380A00B4CDCC /* Assets.xcassets */,
				0921DCD11F72380A00B4CDCC /* LaunchScreen.storyboard */,
				0921DCD41F72380A00B4CDCC /* Info.plist */,
			);
			path = Yelp;
			sourceTree = "<group>";
		};
		0921DCDC1F72380A00B4CDCC /* YelpTests */ = {
			isa = PBXGroup;
			children = (
				0921DCDD1F72380A00B4CDCC /* YelpTests.swift */,
				0921DCDF1F72380A00B4CDCC /* Info.plist */,
			);
			path = YelpTests;
			sourceTree = "<group>";
		};
		0921DCE71F72380A00B4CDCC /* YelpUITests */ = {
			isa = PBXGroup;
			children = (
				0921DCE81F72380A00B4CDCC /* YelpUITests.swift */,
				0921DCEA1F72380A00B4CDCC /* Info.plist */,
			);
			path = YelpUITests;
			sourceTree = "<group>";
		};
		0921DCF61F72385200B4CDCC /* Models */ = {
			isa = PBXGroup;
			children = (
				09116D3E1F723AA10089545C /* Business.swift */,
				09A7D1801F7735780067C084 /* SearchSettings.swift */,
			);
			path = Models;
			sourceTree = "<group>";
		};
		0921DCF71F72385C00B4CDCC /* ViewControllers */ = {
			isa = PBXGroup;
			children = (
				09116D421F723B280089545C /* BusinessesViewController.swift */,
				09A7D17E1F77113E0067C084 /* FiltersViewController.swift */,
			);
			path = ViewControllers;
			sourceTree = "<group>";
		};
		0921DCF81F72386300B4CDCC /* Views */ = {
			isa = PBXGroup;
			children = (
				09116D381F723A910089545C /* BusinessTableViewCell.swift */,
				09A7D1821F7783B80067C084 /* DealsCell.swift */,
				09A7D1841F779B340067C084 /* DistanceCell.swift */,
				091FC2EF1F77A96B00BF3C3E /* SortCell.swift */,
				091FC2F11F781E2500BF3C3E /* CategoryCell.swift */,
			);
			path = Views;
			sourceTree = "<group>";
		};
		0921DCF91F72386900B4CDCC /* Api */ = {
			isa = PBXGroup;
			children = (
				09116D3C1F723A9B0089545C /* YelpClient.swift */,
			);
			path = Api;
			sourceTree = "<group>";
		};
		3318BFBFE40B0A9EE81E8DBB /* Frameworks */ = {
			isa = PBXGroup;
			children = (
				4CCC9D10B91E3F51C4DCA747 /* Pods_Yelp.framework */,
				FBB731E8E2E8CDFFAE594EFF /* Pods_YelpTests.framework */,
				7871D37F8A78FEA1BD4D6F23 /* Pods_YelpUITests.framework */,
			);
			name = Frameworks;
			sourceTree = "<group>";
		};
		E1F6FF45A71DD3DFC1148BB1 /* Pods */ = {
			isa = PBXGroup;
			children = (
				1249E764AD5F257871E2C3F2 /* Pods-Yelp.debug.xcconfig */,
				AE6AFF95207A1A8A75C95CC5 /* Pods-Yelp.release.xcconfig */,
				DEC514A6A54E0BDA1F0DB08E /* Pods-YelpTests.debug.xcconfig */,
				105EC9EABA0CB31AAEC6FC04 /* Pods-YelpTests.release.xcconfig */,
				1474A931EBDE4D5D2C8E6E15 /* Pods-YelpUITests.debug.xcconfig */,
				C6C7DFB60CB2C4D51B314B7A /* Pods-YelpUITests.release.xcconfig */,
			);
			name = Pods;
			sourceTree = "<group>";
		};
/* End PBXGroup section */

/* Begin PBXNativeTarget section */
		0921DCC41F72380A00B4CDCC /* Yelp */ = {
			isa = PBXNativeTarget;
			buildConfigurationList = 0921DCED1F72380A00B4CDCC /* Build configuration list for PBXNativeTarget "Yelp" */;
			buildPhases = (
				21020D2AD6183D2C5D1A396C /* [CP] Check Pods Manifest.lock */,
				0921DCC11F72380A00B4CDCC /* Sources */,
				0921DCC21F72380A00B4CDCC /* Frameworks */,
				0921DCC31F72380A00B4CDCC /* Resources */,
				A01541C43FB70D6ADEB99EC4 /* [CP] Embed Pods Frameworks */,
				522E5C57866BD646B513FD51 /* [CP] Copy Pods Resources */,
			);
			buildRules = (
			);
			dependencies = (
			);
			name = Yelp;
			productName = Yelp;
			productReference = 0921DCC51F72380A00B4CDCC /* Yelp.app */;
			productType = "com.apple.product-type.application";
		};
		0921DCD81F72380A00B4CDCC /* YelpTests */ = {
			isa = PBXNativeTarget;
			buildConfigurationList = 0921DCF01F72380A00B4CDCC /* Build configuration list for PBXNativeTarget "YelpTests" */;
			buildPhases = (
				A3C95C2DDEC71E32B5254A35 /* [CP] Check Pods Manifest.lock */,
				0921DCD51F72380A00B4CDCC /* Sources */,
				0921DCD61F72380A00B4CDCC /* Frameworks */,
				0921DCD71F72380A00B4CDCC /* Resources */,
				BFCFB5A3F88D9EB7D24E0589 /* [CP] Embed Pods Frameworks */,
				3372E2C9FD57957BE854E3B6 /* [CP] Copy Pods Resources */,
			);
			buildRules = (
			);
			dependencies = (
				0921DCDB1F72380A00B4CDCC /* PBXTargetDependency */,
			);
			name = YelpTests;
			productName = YelpTests;
			productReference = 0921DCD91F72380A00B4CDCC /* YelpTests.xctest */;
			productType = "com.apple.product-type.bundle.unit-test";
		};
		0921DCE31F72380A00B4CDCC /* YelpUITests */ = {
			isa = PBXNativeTarget;
			buildConfigurationList = 0921DCF31F72380A00B4CDCC /* Build configuration list for PBXNativeTarget "YelpUITests" */;
			buildPhases = (
				631FDCC63466C2F1DD46F566 /* [CP] Check Pods Manifest.lock */,
				0921DCE01F72380A00B4CDCC /* Sources */,
				0921DCE11F72380A00B4CDCC /* Frameworks */,
				0921DCE21F72380A00B4CDCC /* Resources */,
				C54B13B1624F49F9DFA275AE /* [CP] Embed Pods Frameworks */,
				A6A9C48C5318E2DCE7975329 /* [CP] Copy Pods Resources */,
			);
			buildRules = (
			);
			dependencies = (
				0921DCE61F72380A00B4CDCC /* PBXTargetDependency */,
			);
			name = YelpUITests;
			productName = YelpUITests;
			productReference = 0921DCE41F72380A00B4CDCC /* YelpUITests.xctest */;
			productType = "com.apple.product-type.bundle.ui-testing";
		};
/* End PBXNativeTarget section */

/* Begin PBXProject section */
		0921DCBD1F72380900B4CDCC /* Project object */ = {
			isa = PBXProject;
			attributes = {
				LastSwiftUpdateCheck = 0900;
				LastUpgradeCheck = 0900;
				ORGANIZATIONNAME = "Auster Chen";
				TargetAttributes = {
					0921DCC41F72380A00B4CDCC = {
						CreatedOnToolsVersion = 9.0;
						ProvisioningStyle = Automatic;
					};
					0921DCD81F72380A00B4CDCC = {
						CreatedOnToolsVersion = 9.0;
						ProvisioningStyle = Automatic;
						TestTargetID = 0921DCC41F72380A00B4CDCC;
					};
					0921DCE31F72380A00B4CDCC = {
						CreatedOnToolsVersion = 9.0;
						ProvisioningStyle = Automatic;
						TestTargetID = 0921DCC41F72380A00B4CDCC;
					};
				};
			};
			buildConfigurationList = 0921DCC01F72380900B4CDCC /* Build configuration list for PBXProject "Yelp" */;
			compatibilityVersion = "Xcode 8.0";
			developmentRegion = en;
			hasScannedForEncodings = 0;
			knownRegions = (
				en,
				Base,
			);
			mainGroup = 0921DCBC1F72380900B4CDCC;
			productRefGroup = 0921DCC61F72380A00B4CDCC /* Products */;
			projectDirPath = "";
			projectRoot = "";
			targets = (
				0921DCC41F72380A00B4CDCC /* Yelp */,
				0921DCD81F72380A00B4CDCC /* YelpTests */,
				0921DCE31F72380A00B4CDCC /* YelpUITests */,
			);
		};
/* End PBXProject section */

/* Begin PBXResourcesBuildPhase section */
		0921DCC31F72380A00B4CDCC /* Resources */ = {
			isa = PBXResourcesBuildPhase;
			buildActionMask = 2147483647;
			files = (
				0921DCD31F72380A00B4CDCC /* LaunchScreen.storyboard in Resources */,
				0921DCD01F72380A00B4CDCC /* Assets.xcassets in Resources */,
				0921DCCE1F72380A00B4CDCC /* Main.storyboard in Resources */,
			);
			runOnlyForDeploymentPostprocessing = 0;
		};
		0921DCD71F72380A00B4CDCC /* Resources */ = {
			isa = PBXResourcesBuildPhase;
			buildActionMask = 2147483647;
			files = (
			);
			runOnlyForDeploymentPostprocessing = 0;
		};
		0921DCE21F72380A00B4CDCC /* Resources */ = {
			isa = PBXResourcesBuildPhase;
			buildActionMask = 2147483647;
			files = (
			);
			runOnlyForDeploymentPostprocessing = 0;
		};
/* End PBXResourcesBuildPhase section */

/* Begin PBXShellScriptBuildPhase section */
		21020D2AD6183D2C5D1A396C /* [CP] Check Pods Manifest.lock */ = {
			isa = PBXShellScriptBuildPhase;
			buildActionMask = 2147483647;
			files = (
			);
			inputPaths = (
				"${PODS_PODFILE_DIR_PATH}/Podfile.lock",
				"${PODS_ROOT}/Manifest.lock",
			);
			name = "[CP] Check Pods Manifest.lock";
			outputPaths = (
				"$(DERIVED_FILE_DIR)/Pods-Yelp-checkManifestLockResult.txt",
			);
			runOnlyForDeploymentPostprocessing = 0;
			shellPath = /bin/sh;
			shellScript = "diff \"${PODS_PODFILE_DIR_PATH}/Podfile.lock\" \"${PODS_ROOT}/Manifest.lock\" > /dev/null\nif [ $? != 0 ] ; then\n    # print error to STDERR\n    echo \"error: The sandbox is not in sync with the Podfile.lock. Run 'pod install' or update your CocoaPods installation.\" >&2\n    exit 1\nfi\n# This output is used by Xcode 'outputs' to avoid re-running this script phase.\necho \"SUCCESS\" > \"${SCRIPT_OUTPUT_FILE_0}\"\n";
			showEnvVarsInLog = 0;
		};
		3372E2C9FD57957BE854E3B6 /* [CP] Copy Pods Resources */ = {
			isa = PBXShellScriptBuildPhase;
			buildActionMask = 2147483647;
			files = (
			);
			inputPaths = (
			);
			name = "[CP] Copy Pods Resources";
			outputPaths = (
			);
			runOnlyForDeploymentPostprocessing = 0;
			shellPath = /bin/sh;
			shellScript = "\"${SRCROOT}/Pods/Target Support Files/Pods-YelpTests/Pods-YelpTests-resources.sh\"\n";
			showEnvVarsInLog = 0;
		};
		522E5C57866BD646B513FD51 /* [CP] Copy Pods Resources */ = {
			isa = PBXShellScriptBuildPhase;
			buildActionMask = 2147483647;
			files = (
			);
			inputPaths = (
			);
			name = "[CP] Copy Pods Resources";
			outputPaths = (
			);
			runOnlyForDeploymentPostprocessing = 0;
			shellPath = /bin/sh;
			shellScript = "\"${SRCROOT}/Pods/Target Support Files/Pods-Yelp/Pods-Yelp-resources.sh\"\n";
			showEnvVarsInLog = 0;
		};
		631FDCC63466C2F1DD46F566 /* [CP] Check Pods Manifest.lock */ = {
			isa = PBXShellScriptBuildPhase;
			buildActionMask = 2147483647;
			files = (
			);
			inputPaths = (
				"${PODS_PODFILE_DIR_PATH}/Podfile.lock",
				"${PODS_ROOT}/Manifest.lock",
			);
			name = "[CP] Check Pods Manifest.lock";
			outputPaths = (
				"$(DERIVED_FILE_DIR)/Pods-YelpUITests-checkManifestLockResult.txt",
			);
			runOnlyForDeploymentPostprocessing = 0;
			shellPath = /bin/sh;
			shellScript = "diff \"${PODS_PODFILE_DIR_PATH}/Podfile.lock\" \"${PODS_ROOT}/Manifest.lock\" > /dev/null\nif [ $? != 0 ] ; then\n    # print error to STDERR\n    echo \"error: The sandbox is not in sync with the Podfile.lock. Run 'pod install' or update your CocoaPods installation.\" >&2\n    exit 1\nfi\n# This output is used by Xcode 'outputs' to avoid re-running this script phase.\necho \"SUCCESS\" > \"${SCRIPT_OUTPUT_FILE_0}\"\n";
			showEnvVarsInLog = 0;
		};
		A01541C43FB70D6ADEB99EC4 /* [CP] Embed Pods Frameworks */ = {
			isa = PBXShellScriptBuildPhase;
			buildActionMask = 2147483647;
			files = (
			);
			inputPaths = (
				"${SRCROOT}/Pods/Target Support Files/Pods-Yelp/Pods-Yelp-frameworks.sh",
				"${BUILT_PRODUCTS_DIR}/AFNetworking/AFNetworking.framework",
				"${BUILT_PRODUCTS_DIR}/BDBOAuth1Manager/BDBOAuth1Manager.framework",
				"${BUILT_PRODUCTS_DIR}/PKHUD/PKHUD.framework",
			);
			name = "[CP] Embed Pods Frameworks";
			outputPaths = (
				"${TARGET_BUILD_DIR}/${FRAMEWORKS_FOLDER_PATH}/AFNetworking.framework",
				"${TARGET_BUILD_DIR}/${FRAMEWORKS_FOLDER_PATH}/BDBOAuth1Manager.framework",
				"${TARGET_BUILD_DIR}/${FRAMEWORKS_FOLDER_PATH}/PKHUD.framework",
			);
			runOnlyForDeploymentPostprocessing = 0;
			shellPath = /bin/sh;
			shellScript = "\"${SRCROOT}/Pods/Target Support Files/Pods-Yelp/Pods-Yelp-frameworks.sh\"\n";
			showEnvVarsInLog = 0;
		};
		A3C95C2DDEC71E32B5254A35 /* [CP] Check Pods Manifest.lock */ = {
			isa = PBXShellScriptBuildPhase;
			buildActionMask = 2147483647;
			files = (
			);
			inputPaths = (
				"${PODS_PODFILE_DIR_PATH}/Podfile.lock",
				"${PODS_ROOT}/Manifest.lock",
			);
			name = "[CP] Check Pods Manifest.lock";
			outputPaths = (
				"$(DERIVED_FILE_DIR)/Pods-YelpTests-checkManifestLockResult.txt",
			);
			runOnlyForDeploymentPostprocessing = 0;
			shellPath = /bin/sh;
			shellScript = "diff \"${PODS_PODFILE_DIR_PATH}/Podfile.lock\" \"${PODS_ROOT}/Manifest.lock\" > /dev/null\nif [ $? != 0 ] ; then\n    # print error to STDERR\n    echo \"error: The sandbox is not in sync with the Podfile.lock. Run 'pod install' or update your CocoaPods installation.\" >&2\n    exit 1\nfi\n# This output is used by Xcode 'outputs' to avoid re-running this script phase.\necho \"SUCCESS\" > \"${SCRIPT_OUTPUT_FILE_0}\"\n";
			showEnvVarsInLog = 0;
		};
		A6A9C48C5318E2DCE7975329 /* [CP] Copy Pods Resources */ = {
			isa = PBXShellScriptBuildPhase;
			buildActionMask = 2147483647;
			files = (
			);
			inputPaths = (
			);
			name = "[CP] Copy Pods Resources";
			outputPaths = (
			);
			runOnlyForDeploymentPostprocessing = 0;
			shellPath = /bin/sh;
			shellScript = "\"${SRCROOT}/Pods/Target Support Files/Pods-YelpUITests/Pods-YelpUITests-resources.sh\"\n";
			showEnvVarsInLog = 0;
		};
		BFCFB5A3F88D9EB7D24E0589 /* [CP] Embed Pods Frameworks */ = {
			isa = PBXShellScriptBuildPhase;
			buildActionMask = 2147483647;
			files = (
			);
			inputPaths = (
			);
			name = "[CP] Embed Pods Frameworks";
			outputPaths = (
			);
			runOnlyForDeploymentPostprocessing = 0;
			shellPath = /bin/sh;
			shellScript = "\"${SRCROOT}/Pods/Target Support Files/Pods-YelpTests/Pods-YelpTests-frameworks.sh\"\n";
			showEnvVarsInLog = 0;
		};
		C54B13B1624F49F9DFA275AE /* [CP] Embed Pods Frameworks */ = {
			isa = PBXShellScriptBuildPhase;
			buildActionMask = 2147483647;
			files = (
			);
			inputPaths = (
			);
			name = "[CP] Embed Pods Frameworks";
			outputPaths = (
			);
			runOnlyForDeploymentPostprocessing = 0;
			shellPath = /bin/sh;
			shellScript = "\"${SRCROOT}/Pods/Target Support Files/Pods-YelpUITests/Pods-YelpUITests-frameworks.sh\"\n";
			showEnvVarsInLog = 0;
		};
/* End PBXShellScriptBuildPhase section */

/* Begin PBXSourcesBuildPhase section */
		0921DCC11F72380A00B4CDCC /* Sources */ = {
			isa = PBXSourcesBuildPhase;
			buildActionMask = 2147483647;
			files = (
				09116D3D1F723A9B0089545C /* YelpClient.swift in Sources */,
				0921DCC91F72380A00B4CDCC /* AppDelegate.swift in Sources */,
				09116D391F723A920089545C /* BusinessTableViewCell.swift in Sources */,
				09A7D1851F779B340067C084 /* DistanceCell.swift in Sources */,
				09A7D1831F7783B80067C084 /* DealsCell.swift in Sources */,
				091FC2F01F77A96B00BF3C3E /* SortCell.swift in Sources */,
				09116D3F1F723AA10089545C /* Business.swift in Sources */,
				09A7D17F1F77113E0067C084 /* FiltersViewController.swift in Sources */,
				09A7D1811F7735780067C084 /* SearchSettings.swift in Sources */,
				09116D431F723B280089545C /* BusinessesViewController.swift in Sources */,
				091FC2F21F781E2500BF3C3E /* CategoryCell.swift in Sources */,
			);
			runOnlyForDeploymentPostprocessing = 0;
		};
		0921DCD51F72380A00B4CDCC /* Sources */ = {
			isa = PBXSourcesBuildPhase;
			buildActionMask = 2147483647;
			files = (
				0921DCDE1F72380A00B4CDCC /* YelpTests.swift in Sources */,
			);
			runOnlyForDeploymentPostprocessing = 0;
		};
		0921DCE01F72380A00B4CDCC /* Sources */ = {
			isa = PBXSourcesBuildPhase;
			buildActionMask = 2147483647;
			files = (
				0921DCE91F72380A00B4CDCC /* YelpUITests.swift in Sources */,
			);
			runOnlyForDeploymentPostprocessing = 0;
		};
/* End PBXSourcesBuildPhase section */

/* Begin PBXTargetDependency section */
		0921DCDB1F72380A00B4CDCC /* PBXTargetDependency */ = {
			isa = PBXTargetDependency;
			target = 0921DCC41F72380A00B4CDCC /* Yelp */;
			targetProxy = 0921DCDA1F72380A00B4CDCC /* PBXContainerItemProxy */;
		};
		0921DCE61F72380A00B4CDCC /* PBXTargetDependency */ = {
			isa = PBXTargetDependency;
			target = 0921DCC41F72380A00B4CDCC /* Yelp */;
			targetProxy = 0921DCE51F72380A00B4CDCC /* PBXContainerItemProxy */;
		};
/* End PBXTargetDependency section */

/* Begin PBXVariantGroup section */
		0921DCCC1F72380A00B4CDCC /* Main.storyboard */ = {
			isa = PBXVariantGroup;
			children = (
				0921DCCD1F72380A00B4CDCC /* Base */,
			);
			name = Main.storyboard;
			sourceTree = "<group>";
		};
		0921DCD11F72380A00B4CDCC /* LaunchScreen.storyboard */ = {
			isa = PBXVariantGroup;
			children = (
				0921DCD21F72380A00B4CDCC /* Base */,
			);
			name = LaunchScreen.storyboard;
			sourceTree = "<group>";
		};
/* End PBXVariantGroup section */

/* Begin XCBuildConfiguration section */
		0921DCEB1F72380A00B4CDCC /* Debug */ = {
			isa = XCBuildConfiguration;
			buildSettings = {
				ALWAYS_SEARCH_USER_PATHS = NO;
				CLANG_ANALYZER_NONNULL = YES;
				CLANG_ANALYZER_NUMBER_OBJECT_CONVERSION = YES_AGGRESSIVE;
				CLANG_CXX_LANGUAGE_STANDARD = "gnu++14";
				CLANG_CXX_LIBRARY = "libc++";
				CLANG_ENABLE_MODULES = YES;
				CLANG_ENABLE_OBJC_ARC = YES;
				CLANG_WARN_BLOCK_CAPTURE_AUTORELEASING = YES;
				CLANG_WARN_BOOL_CONVERSION = YES;
				CLANG_WARN_COMMA = YES;
				CLANG_WARN_CONSTANT_CONVERSION = YES;
				CLANG_WARN_DIRECT_OBJC_ISA_USAGE = YES_ERROR;
				CLANG_WARN_DOCUMENTATION_COMMENTS = YES;
				CLANG_WARN_EMPTY_BODY = YES;
				CLANG_WARN_ENUM_CONVERSION = YES;
				CLANG_WARN_INFINITE_RECURSION = YES;
				CLANG_WARN_INT_CONVERSION = YES;
				CLANG_WARN_NON_LITERAL_NULL_CONVERSION = YES;
				CLANG_WARN_OBJC_LITERAL_CONVERSION = YES;
				CLANG_WARN_OBJC_ROOT_CLASS = YES_ERROR;
				CLANG_WARN_RANGE_LOOP_ANALYSIS = YES;
				CLANG_WARN_STRICT_PROTOTYPES = YES;
				CLANG_WARN_SUSPICIOUS_MOVE = YES;
				CLANG_WARN_UNGUARDED_AVAILABILITY = YES_AGGRESSIVE;
				CLANG_WARN_UNREACHABLE_CODE = YES;
				CLANG_WARN__DUPLICATE_METHOD_MATCH = YES;
				CODE_SIGN_IDENTITY = "iPhone Developer";
				COPY_PHASE_STRIP = NO;
				DEBUG_INFORMATION_FORMAT = dwarf;
				ENABLE_STRICT_OBJC_MSGSEND = YES;
				ENABLE_TESTABILITY = YES;
				GCC_C_LANGUAGE_STANDARD = gnu11;
				GCC_DYNAMIC_NO_PIC = NO;
				GCC_NO_COMMON_BLOCKS = YES;
				GCC_OPTIMIZATION_LEVEL = 0;
				GCC_PREPROCESSOR_DEFINITIONS = (
					"DEBUG=1",
					"$(inherited)",
				);
				GCC_WARN_64_TO_32_BIT_CONVERSION = YES;
				GCC_WARN_ABOUT_RETURN_TYPE = YES_ERROR;
				GCC_WARN_UNDECLARED_SELECTOR = YES;
				GCC_WARN_UNINITIALIZED_AUTOS = YES_AGGRESSIVE;
				GCC_WARN_UNUSED_FUNCTION = YES;
				GCC_WARN_UNUSED_VARIABLE = YES;
				IPHONEOS_DEPLOYMENT_TARGET = 11.0;
				MTL_ENABLE_DEBUG_INFO = YES;
				ONLY_ACTIVE_ARCH = YES;
				SDKROOT = iphoneos;
				SWIFT_ACTIVE_COMPILATION_CONDITIONS = DEBUG;
				SWIFT_OPTIMIZATION_LEVEL = "-Onone";
			};
			name = Debug;
		};
		0921DCEC1F72380A00B4CDCC /* Release */ = {
			isa = XCBuildConfiguration;
			buildSettings = {
				ALWAYS_SEARCH_USER_PATHS = NO;
				CLANG_ANALYZER_NONNULL = YES;
				CLANG_ANALYZER_NUMBER_OBJECT_CONVERSION = YES_AGGRESSIVE;
				CLANG_CXX_LANGUAGE_STANDARD = "gnu++14";
				CLANG_CXX_LIBRARY = "libc++";
				CLANG_ENABLE_MODULES = YES;
				CLANG_ENABLE_OBJC_ARC = YES;
				CLANG_WARN_BLOCK_CAPTURE_AUTORELEASING = YES;
				CLANG_WARN_BOOL_CONVERSION = YES;
				CLANG_WARN_COMMA = YES;
				CLANG_WARN_CONSTANT_CONVERSION = YES;
				CLANG_WARN_DIRECT_OBJC_ISA_USAGE = YES_ERROR;
				CLANG_WARN_DOCUMENTATION_COMMENTS = YES;
				CLANG_WARN_EMPTY_BODY = YES;
				CLANG_WARN_ENUM_CONVERSION = YES;
				CLANG_WARN_INFINITE_RECURSION = YES;
				CLANG_WARN_INT_CONVERSION = YES;
				CLANG_WARN_NON_LITERAL_NULL_CONVERSION = YES;
				CLANG_WARN_OBJC_LITERAL_CONVERSION = YES;
				CLANG_WARN_OBJC_ROOT_CLASS = YES_ERROR;
				CLANG_WARN_RANGE_LOOP_ANALYSIS = YES;
				CLANG_WARN_STRICT_PROTOTYPES = YES;
				CLANG_WARN_SUSPICIOUS_MOVE = YES;
				CLANG_WARN_UNGUARDED_AVAILABILITY = YES_AGGRESSIVE;
				CLANG_WARN_UNREACHABLE_CODE = YES;
				CLANG_WARN__DUPLICATE_METHOD_MATCH = YES;
				CODE_SIGN_IDENTITY = "iPhone Developer";
				COPY_PHASE_STRIP = NO;
				DEBUG_INFORMATION_FORMAT = "dwarf-with-dsym";
				ENABLE_NS_ASSERTIONS = NO;
				ENABLE_STRICT_OBJC_MSGSEND = YES;
				GCC_C_LANGUAGE_STANDARD = gnu11;
				GCC_NO_COMMON_BLOCKS = YES;
				GCC_WARN_64_TO_32_BIT_CONVERSION = YES;
				GCC_WARN_ABOUT_RETURN_TYPE = YES_ERROR;
				GCC_WARN_UNDECLARED_SELECTOR = YES;
				GCC_WARN_UNINITIALIZED_AUTOS = YES_AGGRESSIVE;
				GCC_WARN_UNUSED_FUNCTION = YES;
				GCC_WARN_UNUSED_VARIABLE = YES;
				IPHONEOS_DEPLOYMENT_TARGET = 11.0;
				MTL_ENABLE_DEBUG_INFO = NO;
				SDKROOT = iphoneos;
				SWIFT_OPTIMIZATION_LEVEL = "-Owholemodule";
				VALIDATE_PRODUCT = YES;
			};
			name = Release;
		};
		0921DCEE1F72380A00B4CDCC /* Debug */ = {
			isa = XCBuildConfiguration;
			baseConfigurationReference = 1249E764AD5F257871E2C3F2 /* Pods-Yelp.debug.xcconfig */;
			buildSettings = {
				ASSETCATALOG_COMPILER_APPICON_NAME = AppIcon;
				CODE_SIGN_STYLE = Automatic;
				DEVELOPMENT_TEAM = 794UNRDLGL;
				INFOPLIST_FILE = Yelp/Info.plist;
				LD_RUNPATH_SEARCH_PATHS = "$(inherited) @executable_path/Frameworks";
				PRODUCT_BUNDLE_IDENTIFIER = teaflavored.Yelp;
				PRODUCT_NAME = "$(TARGET_NAME)";
				SWIFT_VERSION = 4.0;
				TARGETED_DEVICE_FAMILY = "1,2";
			};
			name = Debug;
		};
		0921DCEF1F72380A00B4CDCC /* Release */ = {
			isa = XCBuildConfiguration;
			baseConfigurationReference = AE6AFF95207A1A8A75C95CC5 /* Pods-Yelp.release.xcconfig */;
			buildSettings = {
				ASSETCATALOG_COMPILER_APPICON_NAME = AppIcon;
				CODE_SIGN_STYLE = Automatic;
				DEVELOPMENT_TEAM = 794UNRDLGL;
				INFOPLIST_FILE = Yelp/Info.plist;
				LD_RUNPATH_SEARCH_PATHS = "$(inherited) @executable_path/Frameworks";
				PRODUCT_BUNDLE_IDENTIFIER = teaflavored.Yelp;
				PRODUCT_NAME = "$(TARGET_NAME)";
				SWIFT_VERSION = 4.0;
				TARGETED_DEVICE_FAMILY = "1,2";
			};
			name = Release;
		};
		0921DCF11F72380A00B4CDCC /* Debug */ = {
			isa = XCBuildConfiguration;
			baseConfigurationReference = DEC514A6A54E0BDA1F0DB08E /* Pods-YelpTests.debug.xcconfig */;
			buildSettings = {
				ALWAYS_EMBED_SWIFT_STANDARD_LIBRARIES = YES;
				BUNDLE_LOADER = "$(TEST_HOST)";
				CODE_SIGN_STYLE = Automatic;
				DEVELOPMENT_TEAM = 794UNRDLGL;
				INFOPLIST_FILE = YelpTests/Info.plist;
				LD_RUNPATH_SEARCH_PATHS = "$(inherited) @executable_path/Frameworks @loader_path/Frameworks";
				PRODUCT_BUNDLE_IDENTIFIER = teaflavored.YelpTests;
				PRODUCT_NAME = "$(TARGET_NAME)";
				SWIFT_VERSION = 4.0;
				TARGETED_DEVICE_FAMILY = "1,2";
				TEST_HOST = "$(BUILT_PRODUCTS_DIR)/Yelp.app/Yelp";
			};
			name = Debug;
		};
		0921DCF21F72380A00B4CDCC /* Release */ = {
			isa = XCBuildConfiguration;
			baseConfigurationReference = 105EC9EABA0CB31AAEC6FC04 /* Pods-YelpTests.release.xcconfig */;
			buildSettings = {
				ALWAYS_EMBED_SWIFT_STANDARD_LIBRARIES = YES;
				BUNDLE_LOADER = "$(TEST_HOST)";
				CODE_SIGN_STYLE = Automatic;
				DEVELOPMENT_TEAM = 794UNRDLGL;
				INFOPLIST_FILE = YelpTests/Info.plist;
				LD_RUNPATH_SEARCH_PATHS = "$(inherited) @executable_path/Frameworks @loader_path/Frameworks";
				PRODUCT_BUNDLE_IDENTIFIER = teaflavored.YelpTests;
				PRODUCT_NAME = "$(TARGET_NAME)";
				SWIFT_VERSION = 4.0;
				TARGETED_DEVICE_FAMILY = "1,2";
				TEST_HOST = "$(BUILT_PRODUCTS_DIR)/Yelp.app/Yelp";
			};
			name = Release;
		};
		0921DCF41F72380A00B4CDCC /* Debug */ = {
			isa = XCBuildConfiguration;
			baseConfigurationReference = 1474A931EBDE4D5D2C8E6E15 /* Pods-YelpUITests.debug.xcconfig */;
			buildSettings = {
				ALWAYS_EMBED_SWIFT_STANDARD_LIBRARIES = YES;
				CODE_SIGN_STYLE = Automatic;
				DEVELOPMENT_TEAM = 794UNRDLGL;
				INFOPLIST_FILE = YelpUITests/Info.plist;
				LD_RUNPATH_SEARCH_PATHS = "$(inherited) @executable_path/Frameworks @loader_path/Frameworks";
				PRODUCT_BUNDLE_IDENTIFIER = teaflavored.YelpUITests;
				PRODUCT_NAME = "$(TARGET_NAME)";
				SWIFT_VERSION = 4.0;
				TARGETED_DEVICE_FAMILY = "1,2";
				TEST_TARGET_NAME = Yelp;
			};
			name = Debug;
		};
		0921DCF51F72380A00B4CDCC /* Release */ = {
			isa = XCBuildConfiguration;
			baseConfigurationReference = C6C7DFB60CB2C4D51B314B7A /* Pods-YelpUITests.release.xcconfig */;
			buildSettings = {
				ALWAYS_EMBED_SWIFT_STANDARD_LIBRARIES = YES;
				CODE_SIGN_STYLE = Automatic;
				DEVELOPMENT_TEAM = 794UNRDLGL;
				INFOPLIST_FILE = YelpUITests/Info.plist;
				LD_RUNPATH_SEARCH_PATHS = "$(inherited) @executable_path/Frameworks @loader_path/Frameworks";
				PRODUCT_BUNDLE_IDENTIFIER = teaflavored.YelpUITests;
				PRODUCT_NAME = "$(TARGET_NAME)";
				SWIFT_VERSION = 4.0;
				TARGETED_DEVICE_FAMILY = "1,2";
				TEST_TARGET_NAME = Yelp;
			};
			name = Release;
		};
/* End XCBuildConfiguration section */

/* Begin XCConfigurationList section */
		0921DCC01F72380900B4CDCC /* Build configuration list for PBXProject "Yelp" */ = {
			isa = XCConfigurationList;
			buildConfigurations = (
				0921DCEB1F72380A00B4CDCC /* Debug */,
				0921DCEC1F72380A00B4CDCC /* Release */,
			);
			defaultConfigurationIsVisible = 0;
			defaultConfigurationName = Release;
		};
		0921DCED1F72380A00B4CDCC /* Build configuration list for PBXNativeTarget "Yelp" */ = {
			isa = XCConfigurationList;
			buildConfigurations = (
				0921DCEE1F72380A00B4CDCC /* Debug */,
				0921DCEF1F72380A00B4CDCC /* Release */,
			);
			defaultConfigurationIsVisible = 0;
			defaultConfigurationName = Release;
		};
		0921DCF01F72380A00B4CDCC /* Build configuration list for PBXNativeTarget "YelpTests" */ = {
			isa = XCConfigurationList;
			buildConfigurations = (
				0921DCF11F72380A00B4CDCC /* Debug */,
				0921DCF21F72380A00B4CDCC /* Release */,
			);
			defaultConfigurationIsVisible = 0;
			defaultConfigurationName = Release;
		};
		0921DCF31F72380A00B4CDCC /* Build configuration list for PBXNativeTarget "YelpUITests" */ = {
			isa = XCConfigurationList;
			buildConfigurations = (
				0921DCF41F72380A00B4CDCC /* Debug */,
				0921DCF51F72380A00B4CDCC /* Release */,
			);
			defaultConfigurationIsVisible = 0;
			defaultConfigurationName = Release;
		};
/* End XCConfigurationList section */
	};
	rootObject = 0921DCBD1F72380900B4CDCC /* Project object */;
}
